
Microsoft Visual Studio Solution File, Format Version 12.00
# Visual Studio Version 16
VisualStudioVersion = 16.0.31729.503
MinimumVisualStudioVersion = 10.0.40219.1
Project("{FAE04EC0-301F-11D3-BF4B-00C04F79EFBC}") = "Re-Books_App.Android", "Testing\Testing.Android\Re-Books_App.Android.csproj", "{8E7CBD9F-2D16-4004-8201-A34151B8A16E}"
EndProject
Project("{FAE04EC0-301F-11D3-BF4B-00C04F79EFBC}") = "Re-Books_App.iOS", "Testing\Testing.iOS\Re-Books_App.iOS.csproj", "{26EF80BC-F9DE-4FB4-ABDD-B661C53B5D1B}"
EndProject
Project("{9A19103F-16F7-4668-BE54-9A1E7A4F7556}") = "Re-Books_App", "Testing\Testing\Re-Books_App.csproj", "{F4476E20-95E1-46FD-A039-6B54A483FBBC}"
EndProject
Global
	GlobalSection(SolutionConfigurationPlatforms) = preSolution
		Debug|Any CPU = Debug|Any CPU
		Debug|iPhone = Debug|iPhone
		Debug|iPhoneSimulator = Debug|iPhoneSimulator
		Release|Any CPU = Release|Any CPU
		Release|iPhone = Release|iPhone
		Release|iPhoneSimulator = Release|iPhoneSimulator
	EndGlobalSection
	GlobalSection(ProjectConfigurationPlatforms) = postSolution
		{8E7CBD9F-2D16-4004-8201-A34151B8A16E}.Debug|Any CPU.ActiveCfg = Debug|Any CPU
		{8E7CBD9F-2D16-4004-8201-A34151B8A16E}.Debug|Any CPU.Build.0 = Debug|Any CPU
		{8E7CBD9F-2D16-4004-8201-A34151B8A16E}.Debug|Any CPU.Deploy.0 = Debug|Any CPU
		{8E7CBD9F-2D16-4004-8201-A34151B8A16E}.Debug|iPhone.ActiveCfg = Debug|Any CPU
		{8E7CBD9F-2D16-4004-8201-A34151B8A16E}.Debug|iPhone.Build.0 = Debug|Any CPU
		{8E7CBD9F-2D16-4004-8201-A34151B8A16E}.Debug|iPhone.Deploy.0 = Debug|Any CPU
		{8E7CBD9F-2D16-4004-8201-A34151B8A16E}.Debug|iPhoneSimulator.ActiveCfg = Debug|Any CPU
		{8E7CBD9F-2D16-4004-8201-A34151B8A16E}.Debug|iPhoneSimulator.Build.0 = Debug|Any CPU
		{8E7CBD9F-2D16-4004-8201-A34151B8A16E}.Debug|iPhoneSimulator.Deploy.0 = Debug|Any CPU
		{8E7CBD9F-2D16-4004-8201-A34151B8A16E}.Release|Any CPU.ActiveCfg = Release|Any CPU
		{8E7CBD9F-2D16-4004-8201-A34151B8A16E}.Release|Any CPU.Build.0 = Release|Any CPU
		{8E7CBD9F-2D16-4004-8201-A34151B8A16E}.Release|Any CPU.Deploy.0 = Release|Any CPU
		{8E7CBD9F-2D16-4004-8201-A34151B8A16E}.Release|iPhone.ActiveCfg = Release|Any CPU
		{8E7CBD9F-2D16-4004-8201-A34151B8A16E}.Release|iPhone.Build.0 = Release|Any CPU
		{8E7CBD9F-2D16-4004-8201-A34151B8A16E}.Release|iPhone.Deploy.0 = Release|Any CPU
		{8E7CBD9F-2D16-4004-8201-A34151B8A16E}.Release|iPhoneSimulator.ActiveCfg = Release|Any CPU
		{8E7CBD9F-2D16-4004-8201-A34151B8A16E}.Release|iPhoneSimulator.Build.0 = Release|Any CPU
		{8E7CBD9F-2D16-4004-8201-A34151B8A16E}.Release|iPhoneSimulator.Deploy.0 = Release|Any CPU
		{26EF80BC-F9DE-4FB4-ABDD-B661C53B5D1B}.Debug|Any CPU.ActiveCfg = Debug|iPhone
		{26EF80BC-F9DE-4FB4-ABDD-B661C53B5D1B}.Debug|Any CPU.Build.0 = Debug|iPhone
		{26EF80BC-F9DE-4FB4-ABDD-B661C53B5D1B}.Debug|Any CPU.Deploy.0 = Debug|iPhone
		{26EF80BC-F9DE-4FB4-ABDD-B661C53B5D1B}.Debug|iPhone.ActiveCfg = Debug|iPhone
		{26EF80BC-F9DE-4FB4-ABDD-B661C53B5D1B}.Debug|iPhone.Build.0 = Debug|iPhone
		{26EF80BC-F9DE-4FB4-ABDD-B661C53B5D1B}.Debug|iPhone.Deploy.0 = Debug|iPhone
		{26EF80BC-F9DE-4FB4-ABDD-B661C53B5D1B}.Debug|iPhoneSimulator.ActiveCfg = Debug|iPhoneSimulator
		{26EF80BC-F9DE-4FB4-ABDD-B661C53B5D1B}.Debug|iPhoneSimulator.Build.0 = Debug|iPhoneSimulator
		{26EF80BC-F9DE-4FB4-ABDD-B661C53B5D1B}.Debug|iPhoneSimulator.Deploy.0 = Debug|iPhoneSimulator
		{26EF80BC-F9DE-4FB4-ABDD-B661C53B5D1B}.Release|Any CPU.ActiveCfg = Release|iPhoneSimulator
		{26EF80BC-F9DE-4FB4-ABDD-B661C53B5D1B}.Release|Any CPU.Build.0 = Release|iPhoneSimulator
		{26EF80BC-F9DE-4FB4-ABDD-B661C53B5D1B}.Release|Any CPU.Deploy.0 = Release|iPhoneSimulator
		{26EF80BC-F9DE-4FB4-ABDD-B661C53B5D1B}.Release|iPhone.ActiveCfg = Release|iPhone
		{26EF80BC-F9DE-4FB4-ABDD-B661C53B5D1B}.Release|iPhone.Build.0 = Release|iPhone
		{26EF80BC-F9DE-4FB4-ABDD-B661C53B5D1B}.Release|iPhone.Deploy.0 = Release|iPhone
		{26EF80BC-F9DE-4FB4-ABDD-B661C53B5D1B}.Release|iPhoneSimulator.ActiveCfg = Release|iPhoneSimulator
		{26EF80BC-F9DE-4FB4-ABDD-B661C53B5D1B}.Release|iPhoneSimulator.Build.0 = Release|iPhoneSimulator
		{26EF80BC-F9DE-4FB4-ABDD-B661C53B5D1B}.Release|iPhoneSimulator.Deploy.0 = Release|iPhoneSimulator
		{F4476E20-95E1-46FD-A039-6B54A483FBBC}.Debug|Any CPU.ActiveCfg = Debug|Any CPU
		{F4476E20-95E1-46FD-A039-6B54A483FBBC}.Debug|Any CPU.Build.0 = Debug|Any CPU
		{F4476E20-95E1-46FD-A039-6B54A483FBBC}.Debug|Any CPU.Deploy.0 = Debug|Any CPU
		{F4476E20-95E1-46FD-A039-6B54A483FBBC}.Debug|iPhone.ActiveCfg = Debug|Any CPU
		{F4476E20-95E1-46FD-A039-6B54A483FBBC}.Debug|iPhone.Build.0 = Debug|Any CPU
		{F4476E20-95E1-46FD-A039-6B54A483FBBC}.Debug|iPhone.Deploy.0 = Debug|Any CPU
		{F4476E20-95E1-46FD-A039-6B54A483FBBC}.Debug|iPhoneSimulator.ActiveCfg = Debug|Any CPU
		{F4476E20-95E1-46FD-A039-6B54A483FBBC}.Debug|iPhoneSimulator.Build.0 = Debug|Any CPU
		{F4476E20-95E1-46FD-A039-6B54A483FBBC}.Debug|iPhoneSimulator.Deploy.0 = Debug|Any CPU
		{F4476E20-95E1-46FD-A039-6B54A483FBBC}.Release|Any CPU.ActiveCfg = Release|Any CPU
		{F4476E20-95E1-46FD-A039-6B54A483FBBC}.Release|Any CPU.Build.0 = Release|Any CPU
		{F4476E20-95E1-46FD-A039-6B54A483FBBC}.Release|Any CPU.Deploy.0 = Release|Any CPU
		{F4476E20-95E1-46FD-A039-6B54A483FBBC}.Release|iPhone.ActiveCfg = Release|Any CPU
		{F4476E20-95E1-46FD-A039-6B54A483FBBC}.Release|iPhone.Build.0 = Release|Any CPU
		{F4476E20-95E1-46FD-A039-6B54A483FBBC}.Release|iPhone.Deploy.0 = Release|Any CPU
		{F4476E20-95E1-46FD-A039-6B54A483FBBC}.Release|iPhoneSimulator.ActiveCfg = Release|Any CPU
		{F4476E20-95E1-46FD-A039-6B54A483FBBC}.Release|iPhoneSimulator.Build.0 = Release|Any CPU
		{F4476E20-95E1-46FD-A039-6B54A483FBBC}.Release|iPhoneSimulator.Deploy.0 = Release|Any CPU
	EndGlobalSection
	GlobalSection(SolutionProperties) = preSolution
		HideSolutionNode = FALSE
	EndGlobalSection
	GlobalSection(ExtensibilityGlobals) = postSolution
		SolutionGuid = {6CDB27D9-B9F8-41E9-9B73-C4954BE557BE}
	EndGlobalSection
EndGlobal
